
Microsoft Visual Studio Solution File, Format Version 12.00
# Visual Studio 15
VisualStudioVersion = 15.0.27428.2005
MinimumVisualStudioVersion = 10.0.40219.1
Project("{F184B08F-C81C-45F6-A57F-5ABD9991F28F}") = "Airplane ReservationSystem", "Airplane ReservationSystem\Airplane ReservationSystem.vbproj", "{9BB3A84F-5397-43CD-A837-A556FB03F5A6}"
EndProject
Global
	GlobalSection(SolutionConfigurationPlatforms) = preSolution
		Debug|Any CPU = Debug|Any CPU
		Release|Any CPU = Release|Any CPU
	EndGlobalSection
	GlobalSection(ProjectConfigurationPlatforms) = postSolution
		{9BB3A84F-5397-43CD-A837-A556FB03F5A6}.Debug|Any CPU.ActiveCfg = Debug|Any CPU
		{9BB3A84F-5397-43CD-A837-A556FB03F5A6}.Debug|Any CPU.Build.0 = Debug|Any CPU
		{9BB3A84F-5397-43CD-A837-A556FB03F5A6}.Release|Any CPU.ActiveCfg = Release|Any CPU
		{9BB3A84F-5397-43CD-A837-A556FB03F5A6}.Release|Any CPU.Build.0 = Release|Any CPU
	EndGlobalSection
	GlobalSection(SolutionProperties) = preSolution
		HideSolutionNode = FALSE
	EndGlobalSection
	GlobalSection(ExtensibilityGlobals) = postSolution
		SolutionGuid = {B2C71821-D1A9-4E77-AD19-4EE73FD76145}
	EndGlobalSection
EndGlobal
